
Microsoft Visual Studio Solution File, Format Version 12.00
# Visual Studio Version 17
VisualStudioVersion = 17.0.31919.166
MinimumVisualStudioVersion = 10.0.40219.1
Project("{FAE04EC0-301F-11D3-BF4B-00C04F79EFBC}") = "PhoneSimulator", "PhoneSimulator\PhoneSimulator.csproj", "{B9446E03-DC35-4F09-B066-8BDFFC28C5DA}"
EndProject
Global
	GlobalSection(SolutionConfigurationPlatforms) = preSolution
		Debug|Any CPU = Debug|Any CPU
		Release|Any CPU = Release|Any CPU
	EndGlobalSection
	GlobalSection(ProjectConfigurationPlatforms) = postSolution
		{B9446E03-DC35-4F09-B066-8BDFFC28C5DA}.Debug|Any CPU.ActiveCfg = Debug|Any CPU
		{B9446E03-DC35-4F09-B066-8BDFFC28C5DA}.Debug|Any CPU.Build.0 = Debug|Any CPU
		{B9446E03-DC35-4F09-B066-8BDFFC28C5DA}.Release|Any CPU.ActiveCfg = Release|Any CPU
		{B9446E03-DC35-4F09-B066-8BDFFC28C5DA}.Release|Any CPU.Build.0 = Release|Any CPU
	EndGlobalSection
	GlobalSection(SolutionProperties) = preSolution
		HideSolutionNode = FALSE
	EndGlobalSection
	GlobalSection(ExtensibilityGlobals) = postSolution
		SolutionGuid = {1D2FD349-2B2B-4C8E-AFCB-2D77484F12AE}
	EndGlobalSection
EndGlobal
