
Microsoft Visual Studio Solution File, Format Version 12.00
# Visual Studio Version 17
VisualStudioVersion = 17.3.32825.248
MinimumVisualStudioVersion = 10.0.40219.1
Project("{FAE04EC0-301F-11D3-BF4B-00C04F79EFBC}") = "ReproductorMultimedia", "ReproductorMultimedia\ReproductorMultimedia.csproj", "{944527ED-CB82-4935-862A-AE994754DCD1}"
EndProject
Project("{FAE04EC0-301F-11D3-BF4B-00C04F79EFBC}") = "Prueba", "Prueba\Prueba.csproj", "{6A7A94B9-4F04-42A9-B979-5A0E30BA533A}"
EndProject
Global
	GlobalSection(SolutionConfigurationPlatforms) = preSolution
		Debug|Any CPU = Debug|Any CPU
		Release|Any CPU = Release|Any CPU
	EndGlobalSection
	GlobalSection(ProjectConfigurationPlatforms) = postSolution
		{944527ED-CB82-4935-862A-AE994754DCD1}.Debug|Any CPU.ActiveCfg = Debug|Any CPU
		{944527ED-CB82-4935-862A-AE994754DCD1}.Debug|Any CPU.Build.0 = Debug|Any CPU
		{944527ED-CB82-4935-862A-AE994754DCD1}.Release|Any CPU.ActiveCfg = Release|Any CPU
		{944527ED-CB82-4935-862A-AE994754DCD1}.Release|Any CPU.Build.0 = Release|Any CPU
		{6A7A94B9-4F04-42A9-B979-5A0E30BA533A}.Debug|Any CPU.ActiveCfg = Debug|Any CPU
		{6A7A94B9-4F04-42A9-B979-5A0E30BA533A}.Debug|Any CPU.Build.0 = Debug|Any CPU
		{6A7A94B9-4F04-42A9-B979-5A0E30BA533A}.Release|Any CPU.ActiveCfg = Release|Any CPU
		{6A7A94B9-4F04-42A9-B979-5A0E30BA533A}.Release|Any CPU.Build.0 = Release|Any CPU
	EndGlobalSection
	GlobalSection(SolutionProperties) = preSolution
		HideSolutionNode = FALSE
	EndGlobalSection
	GlobalSection(ExtensibilityGlobals) = postSolution
		SolutionGuid = {5591A0DE-371D-4FC2-BE5E-2CE2D31AFA4C}
	EndGlobalSection
EndGlobal
